
Microsoft Visual Studio Solution File, Format Version 12.00
# Visual Studio 15
VisualStudioVersion = 15.0.27428.2015
MinimumVisualStudioVersion = 10.0.40219.1
Project("{FAE04EC0-301F-11D3-BF4B-00C04F79EFBC}") = "Lession_3", "Lession_3\Lession_3.csproj", "{79BF3972-05C5-4BD9-9008-EE4C7FBD4022}"
EndProject
Global
	GlobalSection(SolutionConfigurationPlatforms) = preSolution
		Debug|Any CPU = Debug|Any CPU
		Release|Any CPU = Release|Any CPU
	EndGlobalSection
	GlobalSection(ProjectConfigurationPlatforms) = postSolution
		{79BF3972-05C5-4BD9-9008-EE4C7FBD4022}.Debug|Any CPU.ActiveCfg = Debug|Any CPU
		{79BF3972-05C5-4BD9-9008-EE4C7FBD4022}.Debug|Any CPU.Build.0 = Debug|Any CPU
		{79BF3972-05C5-4BD9-9008-EE4C7FBD4022}.Release|Any CPU.ActiveCfg = Release|Any CPU
		{79BF3972-05C5-4BD9-9008-EE4C7FBD4022}.Release|Any CPU.Build.0 = Release|Any CPU
	EndGlobalSection
	GlobalSection(SolutionProperties) = preSolution
		HideSolutionNode = FALSE
	EndGlobalSection
	GlobalSection(ExtensibilityGlobals) = postSolution
		SolutionGuid = {5DD02CA1-8F32-415E-87F2-9C6C3A0493C8}
	EndGlobalSection
EndGlobal
