
Microsoft Visual Studio Solution File, Format Version 12.00
# Visual Studio 15
VisualStudioVersion = 15.0.27428.2015
MinimumVisualStudioVersion = 10.0.40219.1
Project("{FAE04EC0-301F-11D3-BF4B-00C04F79EFBC}") = "ConsoleApp1", "ConsoleApp1\ConsoleApp1.csproj", "{CEAE552A-6C70-4327-91CA-BDE81BA30319}"
EndProject
Global
	GlobalSection(SolutionConfigurationPlatforms) = preSolution
		Debug|Any CPU = Debug|Any CPU
		Release|Any CPU = Release|Any CPU
	EndGlobalSection
	GlobalSection(ProjectConfigurationPlatforms) = postSolution
		{CEAE552A-6C70-4327-91CA-BDE81BA30319}.Debug|Any CPU.ActiveCfg = Debug|Any CPU
		{CEAE552A-6C70-4327-91CA-BDE81BA30319}.Debug|Any CPU.Build.0 = Debug|Any CPU
		{CEAE552A-6C70-4327-91CA-BDE81BA30319}.Release|Any CPU.ActiveCfg = Release|Any CPU
		{CEAE552A-6C70-4327-91CA-BDE81BA30319}.Release|Any CPU.Build.0 = Release|Any CPU
	EndGlobalSection
	GlobalSection(SolutionProperties) = preSolution
		HideSolutionNode = FALSE
	EndGlobalSection
	GlobalSection(ExtensibilityGlobals) = postSolution
		SolutionGuid = {473FADD3-B837-4CDE-AC6F-99FA32969E60}
	EndGlobalSection
EndGlobal
