
Microsoft Visual Studio Solution File, Format Version 12.00
# Visual Studio 15
VisualStudioVersion = 15.0.27428.2015
MinimumVisualStudioVersion = 10.0.40219.1
Project("{FAE04EC0-301F-11D3-BF4B-00C04F79EFBC}") = "AsynMultiThread", "AsynMultiThread\AsynMultiThread.csproj", "{365F17A1-CCCF-4441-BA1C-68039E099641}"
EndProject
Global
	GlobalSection(SolutionConfigurationPlatforms) = preSolution
		Debug|Any CPU = Debug|Any CPU
		Release|Any CPU = Release|Any CPU
	EndGlobalSection
	GlobalSection(ProjectConfigurationPlatforms) = postSolution
		{365F17A1-CCCF-4441-BA1C-68039E099641}.Debug|Any CPU.ActiveCfg = Debug|Any CPU
		{365F17A1-CCCF-4441-BA1C-68039E099641}.Debug|Any CPU.Build.0 = Debug|Any CPU
		{365F17A1-CCCF-4441-BA1C-68039E099641}.Release|Any CPU.ActiveCfg = Release|Any CPU
		{365F17A1-CCCF-4441-BA1C-68039E099641}.Release|Any CPU.Build.0 = Release|Any CPU
	EndGlobalSection
	GlobalSection(SolutionProperties) = preSolution
		HideSolutionNode = FALSE
	EndGlobalSection
	GlobalSection(ExtensibilityGlobals) = postSolution
		SolutionGuid = {E97E98B2-62B9-4D0C-864C-0663E4A9E126}
	EndGlobalSection
EndGlobal
