
Microsoft Visual Studio Solution File, Format Version 12.00
# Visual Studio 15
VisualStudioVersion = 15.0.27428.2015
MinimumVisualStudioVersion = 10.0.40219.1
Project("{FAE04EC0-301F-11D3-BF4B-00C04F79EFBC}") = "Calculator", "Calculator\Calculator.csproj", "{4A0598A6-EE75-4AF8-B658-2C443B69E1D2}"
EndProject
Global
	GlobalSection(SolutionConfigurationPlatforms) = preSolution
		Debug|Any CPU = Debug|Any CPU
		Release|Any CPU = Release|Any CPU
	EndGlobalSection
	GlobalSection(ProjectConfigurationPlatforms) = postSolution
		{4A0598A6-EE75-4AF8-B658-2C443B69E1D2}.Debug|Any CPU.ActiveCfg = Debug|Any CPU
		{4A0598A6-EE75-4AF8-B658-2C443B69E1D2}.Debug|Any CPU.Build.0 = Debug|Any CPU
		{4A0598A6-EE75-4AF8-B658-2C443B69E1D2}.Release|Any CPU.ActiveCfg = Release|Any CPU
		{4A0598A6-EE75-4AF8-B658-2C443B69E1D2}.Release|Any CPU.Build.0 = Release|Any CPU
	EndGlobalSection
	GlobalSection(SolutionProperties) = preSolution
		HideSolutionNode = FALSE
	EndGlobalSection
	GlobalSection(ExtensibilityGlobals) = postSolution
		SolutionGuid = {98F75039-1983-438B-B3BE-5557E4082067}
	EndGlobalSection
EndGlobal
