
Microsoft Visual Studio Solution File, Format Version 12.00
# Visual Studio 15
Project("{FAE04EC0-301F-11D3-BF4B-00C04F79EFBC}") = "MobileInput", "MobileInput.csproj", "{BE8463C4-CACA-150B-CB33-E138B67362A4}"
EndProject
Project("{FAE04EC0-301F-11D3-BF4B-00C04F79EFBC}") = "MobileInput.Editor", "MobileInput.Editor.csproj", "{FDD86DC2-89AD-D7AD-FAF6-C5DDDC03C88D}"
EndProject
Global
	GlobalSection(SolutionConfigurationPlatforms) = preSolution
		Debug|Any CPU = Debug|Any CPU
		Release|Any CPU = Release|Any CPU
	EndGlobalSection
	GlobalSection(ProjectConfigurationPlatforms) = postSolution
		{BE8463C4-CACA-150B-CB33-E138B67362A4}.Debug|Any CPU.ActiveCfg = Debug|Any CPU
		{BE8463C4-CACA-150B-CB33-E138B67362A4}.Debug|Any CPU.Build.0 = Debug|Any CPU
		{BE8463C4-CACA-150B-CB33-E138B67362A4}.Release|Any CPU.ActiveCfg = Release|Any CPU
		{BE8463C4-CACA-150B-CB33-E138B67362A4}.Release|Any CPU.Build.0 = Release|Any CPU
		{FDD86DC2-89AD-D7AD-FAF6-C5DDDC03C88D}.Debug|Any CPU.ActiveCfg = Debug|Any CPU
		{FDD86DC2-89AD-D7AD-FAF6-C5DDDC03C88D}.Debug|Any CPU.Build.0 = Debug|Any CPU
		{FDD86DC2-89AD-D7AD-FAF6-C5DDDC03C88D}.Release|Any CPU.ActiveCfg = Release|Any CPU
		{FDD86DC2-89AD-D7AD-FAF6-C5DDDC03C88D}.Release|Any CPU.Build.0 = Release|Any CPU
	EndGlobalSection
	GlobalSection(SolutionProperties) = preSolution
		HideSolutionNode = FALSE
	EndGlobalSection
EndGlobal
