
Microsoft Visual Studio Solution File, Format Version 12.00
# Visual Studio 15
VisualStudioVersion = 15.0.27428.2011
MinimumVisualStudioVersion = 10.0.40219.1
Project("{FAE04EC0-301F-11D3-BF4B-00C04F79EFBC}") = "CallBack_Delegates", "CallBack_Delegates\CallBack_Delegates.csproj", "{29B7D19F-17B3-4F2E-B7EE-797DBFDA33FC}"
EndProject
Global
	GlobalSection(SolutionConfigurationPlatforms) = preSolution
		Debug|Any CPU = Debug|Any CPU
		Release|Any CPU = Release|Any CPU
	EndGlobalSection
	GlobalSection(ProjectConfigurationPlatforms) = postSolution
		{29B7D19F-17B3-4F2E-B7EE-797DBFDA33FC}.Debug|Any CPU.ActiveCfg = Debug|Any CPU
		{29B7D19F-17B3-4F2E-B7EE-797DBFDA33FC}.Debug|Any CPU.Build.0 = Debug|Any CPU
		{29B7D19F-17B3-4F2E-B7EE-797DBFDA33FC}.Release|Any CPU.ActiveCfg = Release|Any CPU
		{29B7D19F-17B3-4F2E-B7EE-797DBFDA33FC}.Release|Any CPU.Build.0 = Release|Any CPU
	EndGlobalSection
	GlobalSection(SolutionProperties) = preSolution
		HideSolutionNode = FALSE
	EndGlobalSection
	GlobalSection(ExtensibilityGlobals) = postSolution
		SolutionGuid = {B0B1AECE-9913-46E3-A700-FFFDDBF07A0A}
	EndGlobalSection
EndGlobal
